
Microsoft Visual Studio Solution File, Format Version 12.00
# Visual Studio Version 16
VisualStudioVersion = 16.0.31829.152
MinimumVisualStudioVersion = 10.0.40219.1
Project("{FAE04EC0-301F-11D3-BF4B-00C04F79EFBC}") = "ServerConfigRest_20190140039_YogaParipurna", "ServerConfigRest_20190140039_YogaParipurna\ServerConfigRest_20190140039_YogaParipurna.csproj", "{09015C0E-1BF7-4574-B3AC-0AD7D90E2F45}"
EndProject
Global
	GlobalSection(SolutionConfigurationPlatforms) = preSolution
		Debug|Any CPU = Debug|Any CPU
		Release|Any CPU = Release|Any CPU
	EndGlobalSection
	GlobalSection(ProjectConfigurationPlatforms) = postSolution
		{09015C0E-1BF7-4574-B3AC-0AD7D90E2F45}.Debug|Any CPU.ActiveCfg = Debug|Any CPU
		{09015C0E-1BF7-4574-B3AC-0AD7D90E2F45}.Debug|Any CPU.Build.0 = Debug|Any CPU
		{09015C0E-1BF7-4574-B3AC-0AD7D90E2F45}.Release|Any CPU.ActiveCfg = Release|Any CPU
		{09015C0E-1BF7-4574-B3AC-0AD7D90E2F45}.Release|Any CPU.Build.0 = Release|Any CPU
	EndGlobalSection
	GlobalSection(SolutionProperties) = preSolution
		HideSolutionNode = FALSE
	EndGlobalSection
	GlobalSection(ExtensibilityGlobals) = postSolution
		SolutionGuid = {1ECA2015-41BE-49E4-8606-343D39FDC1BA}
	EndGlobalSection
EndGlobal
